
Microsoft Visual Studio Solution File, Format Version 12.00
# Visual Studio Version 16
VisualStudioVersion = 16.0.33927.289
MinimumVisualStudioVersion = 10.0.40219.1
Project("{FAE04EC0-301F-11D3-BF4B-00C04F79EFBC}") = "Snake", "Snake\Snake.csproj", "{D7CDD8EC-8F1C-4F22-8B95-8EE662698DFA}"
EndProject
Global
	GlobalSection(SolutionConfigurationPlatforms) = preSolution
		Debug|Any CPU = Debug|Any CPU
		Release|Any CPU = Release|Any CPU
	EndGlobalSection
	GlobalSection(ProjectConfigurationPlatforms) = postSolution
		{D7CDD8EC-8F1C-4F22-8B95-8EE662698DFA}.Debug|Any CPU.ActiveCfg = Debug|Any CPU
		{D7CDD8EC-8F1C-4F22-8B95-8EE662698DFA}.Debug|Any CPU.Build.0 = Debug|Any CPU
		{D7CDD8EC-8F1C-4F22-8B95-8EE662698DFA}.Release|Any CPU.ActiveCfg = Release|Any CPU
		{D7CDD8EC-8F1C-4F22-8B95-8EE662698DFA}.Release|Any CPU.Build.0 = Release|Any CPU
	EndGlobalSection
	GlobalSection(SolutionProperties) = preSolution
		HideSolutionNode = FALSE
	EndGlobalSection
	GlobalSection(ExtensibilityGlobals) = postSolution
		SolutionGuid = {720DAF2C-FD97-4CAE-A5C3-A9FF06F1F5EC}
	EndGlobalSection
EndGlobal
